
Microsoft Visual Studio Solution File, Format Version 12.00
# Visual Studio Version 17
VisualStudioVersion = 17.9.34714.143
MinimumVisualStudioVersion = 10.0.40219.1
Project("{FAE04EC0-301F-11D3-BF4B-00C04F79EFBC}") = "Marqueto2", "Marqueto2\Marqueto2.csproj", "{6FE4CF28-8ED5-410E-BACA-9F37096811CA}"
EndProject
Global
	GlobalSection(SolutionConfigurationPlatforms) = preSolution
		Debug|Any CPU = Debug|Any CPU
		Release|Any CPU = Release|Any CPU
	EndGlobalSection
	GlobalSection(ProjectConfigurationPlatforms) = postSolution
		{6FE4CF28-8ED5-410E-BACA-9F37096811CA}.Debug|Any CPU.ActiveCfg = Debug|Any CPU
		{6FE4CF28-8ED5-410E-BACA-9F37096811CA}.Debug|Any CPU.Build.0 = Debug|Any CPU
		{6FE4CF28-8ED5-410E-BACA-9F37096811CA}.Release|Any CPU.ActiveCfg = Release|Any CPU
		{6FE4CF28-8ED5-410E-BACA-9F37096811CA}.Release|Any CPU.Build.0 = Release|Any CPU
	EndGlobalSection
	GlobalSection(SolutionProperties) = preSolution
		HideSolutionNode = FALSE
	EndGlobalSection
	GlobalSection(ExtensibilityGlobals) = postSolution
		SolutionGuid = {EB784118-51F0-4E54-AE87-10FDA57386B3}
	EndGlobalSection
EndGlobal
